{
  "name": "variant-organiser",
  "version": "1.0.0",
  "lockfileVersion": 3,
  "requires": true,
  "packages": {
    "": {
      "name": "variant-organiser",
      "version": "1.0.0",
      "devDependencies": {
        "@figma/plugin-typings": "1.65.0"
      }
    },
    "node_modules/@figma/plugin-typings": {
      "version": "1.65.0",
      "resolved": "https://registry.npmjs.org/@figma/plugin-typings/-/plugin-typings-1.65.0.tgz",
      "integrity": "sha512-egLk8ygMKl4e/bs7PdeIFU0fuQuhGAjyX+pyxS/AZ8X1x0QLPaO6r64ekJt+gvmQTFdcaK2CLmF2zqLU+5Hhcg==",
      "dev": true
    }
  }
}
