{
  "name": "variant-organiser",
  "version": "1.0.0",
  "lockfileVersion": 2,
  "requires": true,
  "packages": {
    "": {
      "name": "variant-organiser",
      "version": "1.0.0",
      "devDependencies": {
        "@figma/plugin-typings": "^1.57.1"
      }
    },
    "node_modules/@figma/plugin-typings": {
      "version": "1.57.1",
      "resolved": "https://registry.npmjs.org/@figma/plugin-typings/-/plugin-typings-1.57.1.tgz",
      "integrity": "sha512-kwiuApuqgkIPbFKey459VspenqXlBcBoMTnTZdQ/Hk2N71BTOZ0cM5Xq3zbPW/bEQOYtGDpweWxcXYHLo19HxQ==",
      "dev": true
    }
  },
  "dependencies": {
    "@figma/plugin-typings": {
      "version": "1.57.1",
      "resolved": "https://registry.npmjs.org/@figma/plugin-typings/-/plugin-typings-1.57.1.tgz",
      "integrity": "sha512-kwiuApuqgkIPbFKey459VspenqXlBcBoMTnTZdQ/Hk2N71BTOZ0cM5Xq3zbPW/bEQOYtGDpweWxcXYHLo19HxQ==",
      "dev": true
    }
  }
}
